// !$*UTF8*$!
{
	archiveVersion = 1;
	classes = {
	};
	objectVersion = 55;
	objects = {

/* Begin PBXBuildFile section */
		6F0C798227BF882400296F4C /* AppDelegate.m in Sources */ = {isa = PBXBuildFile; fileRef = 6F0C798127BF882400296F4C /* AppDelegate.m */; };
		6F0C798B27BF882400296F4C /* Main.storyboard in Resources */ = {isa = PBXBuildFile; fileRef = 6F0C798927BF882400296F4C /* Main.storyboard */; };
		6F0C798D27BF882600296F4C /* Assets.xcassets in Resources */ = {isa = PBXBuildFile; fileRef = 6F0C798C27BF882600296F4C /* Assets.xcassets */; };
		6F0C799027BF882600296F4C /* LaunchScreen.storyboard in Resources */ = {isa = PBXBuildFile; fileRef = 6F0C798E27BF882600296F4C /* LaunchScreen.storyboard */; };
		6F0C799327BF882600296F4C /* main.m in Sources */ = {isa = PBXBuildFile; fileRef = 6F0C799227BF882600296F4C /* main.m */; };
		6F0C799D27BF882700296F4C /* HNNetworkReachabilityManagerTests.m in Sources */ = {isa = PBXBuildFile; fileRef = 6F0C799C27BF882700296F4C /* HNNetworkReachabilityManagerTests.m */; };
		6F0C79A727BF882700296F4C /* HNNetworkReachabilityManagerUITests.m in Sources */ = {isa = PBXBuildFile; fileRef = 6F0C79A627BF882700296F4C /* HNNetworkReachabilityManagerUITests.m */; };
		6F0C79A927BF882700296F4C /* HNNetworkReachabilityManagerUITestsLaunchTests.m in Sources */ = {isa = PBXBuildFile; fileRef = 6F0C79A827BF882700296F4C /* HNNetworkReachabilityManagerUITestsLaunchTests.m */; };
		6F0C79B727BF89DA00296F4C /* FirstRootViewController.m in Sources */ = {isa = PBXBuildFile; fileRef = 6F0C79B627BF89DA00296F4C /* FirstRootViewController.m */; };
		6F0C79BB27BF8B0F00296F4C /* HNNetworkReachabilityManager.m in Sources */ = {isa = PBXBuildFile; fileRef = 6F0C79BA27BF8B0F00296F4C /* HNNetworkReachabilityManager.m */; };
		6F0C79BE27BF8B4400296F4C /* SystemConfiguration.framework in Frameworks */ = {isa = PBXBuildFile; fileRef = 6F0C79BD27BF8B4400296F4C /* SystemConfiguration.framework */; };
/* End PBXBuildFile section */

/* Begin PBXContainerItemProxy section */
		6F0C799927BF882700296F4C /* PBXContainerItemProxy */ = {
			isa = PBXContainerItemProxy;
			containerPortal = 6F0C797527BF882400296F4C /* Project object */;
			proxyType = 1;
			remoteGlobalIDString = 6F0C797C27BF882400296F4C;
			remoteInfo = HNNetworkReachabilityManager;
		};
		6F0C79A327BF882700296F4C /* PBXContainerItemProxy */ = {
			isa = PBXContainerItemProxy;
			containerPortal = 6F0C797527BF882400296F4C /* Project object */;
			proxyType = 1;
			remoteGlobalIDString = 6F0C797C27BF882400296F4C;
			remoteInfo = HNNetworkReachabilityManager;
		};
/* End PBXContainerItemProxy section */

/* Begin PBXFileReference section */
		6F0C797D27BF882400296F4C /* HNNetworkReachabilityManager.app */ = {isa = PBXFileReference; explicitFileType = wrapper.application; includeInIndex = 0; path = HNNetworkReachabilityManager.app; sourceTree = BUILT_PRODUCTS_DIR; };
		6F0C798027BF882400296F4C /* AppDelegate.h */ = {isa = PBXFileReference; lastKnownFileType = sourcecode.c.h; path = AppDelegate.h; sourceTree = "<group>"; };
		6F0C798127BF882400296F4C /* AppDelegate.m */ = {isa = PBXFileReference; lastKnownFileType = sourcecode.c.objc; path = AppDelegate.m; sourceTree = "<group>"; };
		6F0C798A27BF882400296F4C /* Base */ = {isa = PBXFileReference; lastKnownFileType = file.storyboard; name = Base; path = Base.lproj/Main.storyboard; sourceTree = "<group>"; };
		6F0C798C27BF882600296F4C /* Assets.xcassets */ = {isa = PBXFileReference; lastKnownFileType = folder.assetcatalog; path = Assets.xcassets; sourceTree = "<group>"; };
		6F0C798F27BF882600296F4C /* Base */ = {isa = PBXFileReference; lastKnownFileType = file.storyboard; name = Base; path = Base.lproj/LaunchScreen.storyboard; sourceTree = "<group>"; };
		6F0C799127BF882600296F4C /* Info.plist */ = {isa = PBXFileReference; lastKnownFileType = text.plist.xml; path = Info.plist; sourceTree = "<group>"; };
		6F0C799227BF882600296F4C /* main.m */ = {isa = PBXFileReference; lastKnownFileType = sourcecode.c.objc; path = main.m; sourceTree = "<group>"; };
		6F0C799827BF882700296F4C /* HNNetworkReachabilityManagerTests.xctest */ = {isa = PBXFileReference; explicitFileType = wrapper.cfbundle; includeInIndex = 0; path = HNNetworkReachabilityManagerTests.xctest; sourceTree = BUILT_PRODUCTS_DIR; };
		6F0C799C27BF882700296F4C /* HNNetworkReachabilityManagerTests.m */ = {isa = PBXFileReference; lastKnownFileType = sourcecode.c.objc; path = HNNetworkReachabilityManagerTests.m; sourceTree = "<group>"; };
		6F0C79A227BF882700296F4C /* HNNetworkReachabilityManagerUITests.xctest */ = {isa = PBXFileReference; explicitFileType = wrapper.cfbundle; includeInIndex = 0; path = HNNetworkReachabilityManagerUITests.xctest; sourceTree = BUILT_PRODUCTS_DIR; };
		6F0C79A627BF882700296F4C /* HNNetworkReachabilityManagerUITests.m */ = {isa = PBXFileReference; lastKnownFileType = sourcecode.c.objc; path = HNNetworkReachabilityManagerUITests.m; sourceTree = "<group>"; };
		6F0C79A827BF882700296F4C /* HNNetworkReachabilityManagerUITestsLaunchTests.m */ = {isa = PBXFileReference; lastKnownFileType = sourcecode.c.objc; path = HNNetworkReachabilityManagerUITestsLaunchTests.m; sourceTree = "<group>"; };
		6F0C79B527BF89DA00296F4C /* FirstRootViewController.h */ = {isa = PBXFileReference; lastKnownFileType = sourcecode.c.h; path = FirstRootViewController.h; sourceTree = "<group>"; };
		6F0C79B627BF89DA00296F4C /* FirstRootViewController.m */ = {isa = PBXFileReference; lastKnownFileType = sourcecode.c.objc; path = FirstRootViewController.m; sourceTree = "<group>"; };
		6F0C79B927BF8B0F00296F4C /* HNNetworkReachabilityManager.h */ = {isa = PBXFileReference; lastKnownFileType = sourcecode.c.h; path = HNNetworkReachabilityManager.h; sourceTree = "<group>"; };
		6F0C79BA27BF8B0F00296F4C /* HNNetworkReachabilityManager.m */ = {isa = PBXFileReference; lastKnownFileType = sourcecode.c.objc; path = HNNetworkReachabilityManager.m; sourceTree = "<group>"; };
		6F0C79BD27BF8B4400296F4C /* SystemConfiguration.framework */ = {isa = PBXFileReference; lastKnownFileType = wrapper.framework; name = SystemConfiguration.framework; path = System/Library/Frameworks/SystemConfiguration.framework; sourceTree = SDKROOT; };
/* End PBXFileReference section */

/* Begin PBXFrameworksBuildPhase section */
		6F0C797A27BF882400296F4C /* Frameworks */ = {
			isa = PBXFrameworksBuildPhase;
			buildActionMask = 2147483647;
			files = (
				6F0C79BE27BF8B4400296F4C /* SystemConfiguration.framework in Frameworks */,
			);
			runOnlyForDeploymentPostprocessing = 0;
		};
		6F0C799527BF882700296F4C /* Frameworks */ = {
			isa = PBXFrameworksBuildPhase;
			buildActionMask = 2147483647;
			files = (
			);
			runOnlyForDeploymentPostprocessing = 0;
		};
		6F0C799F27BF882700296F4C /* Frameworks */ = {
			isa = PBXFrameworksBuildPhase;
			buildActionMask = 2147483647;
			files = (
			);
			runOnlyForDeploymentPostprocessing = 0;
		};
/* End PBXFrameworksBuildPhase section */

/* Begin PBXGroup section */
		6F0C797427BF882400296F4C = {
			isa = PBXGroup;
			children = (
				6F0C797F27BF882400296F4C /* HNNetworkReachabilityManager */,
				6F0C799B27BF882700296F4C /* HNNetworkReachabilityManagerTests */,
				6F0C79A527BF882700296F4C /* HNNetworkReachabilityManagerUITests */,
				6F0C797E27BF882400296F4C /* Products */,
				6F0C79BC27BF8B4400296F4C /* Frameworks */,
			);
			sourceTree = "<group>";
		};
		6F0C797E27BF882400296F4C /* Products */ = {
			isa = PBXGroup;
			children = (
				6F0C797D27BF882400296F4C /* HNNetworkReachabilityManager.app */,
				6F0C799827BF882700296F4C /* HNNetworkReachabilityManagerTests.xctest */,
				6F0C79A227BF882700296F4C /* HNNetworkReachabilityManagerUITests.xctest */,
			);
			name = Products;
			sourceTree = "<group>";
		};
		6F0C797F27BF882400296F4C /* HNNetworkReachabilityManager */ = {
			isa = PBXGroup;
			children = (
				6F0C79B827BF8ADE00296F4C /* Source */,
				6F0C798027BF882400296F4C /* AppDelegate.h */,
				6F0C798127BF882400296F4C /* AppDelegate.m */,
				6F0C79B527BF89DA00296F4C /* FirstRootViewController.h */,
				6F0C79B627BF89DA00296F4C /* FirstRootViewController.m */,
				6F0C798927BF882400296F4C /* Main.storyboard */,
				6F0C798C27BF882600296F4C /* Assets.xcassets */,
				6F0C798E27BF882600296F4C /* LaunchScreen.storyboard */,
				6F0C799127BF882600296F4C /* Info.plist */,
				6F0C799227BF882600296F4C /* main.m */,
			);
			path = HNNetworkReachabilityManager;
			sourceTree = "<group>";
		};
		6F0C799B27BF882700296F4C /* HNNetworkReachabilityManagerTests */ = {
			isa = PBXGroup;
			children = (
				6F0C799C27BF882700296F4C /* HNNetworkReachabilityManagerTests.m */,
			);
			path = HNNetworkReachabilityManagerTests;
			sourceTree = "<group>";
		};
		6F0C79A527BF882700296F4C /* HNNetworkReachabilityManagerUITests */ = {
			isa = PBXGroup;
			children = (
				6F0C79A627BF882700296F4C /* HNNetworkReachabilityManagerUITests.m */,
				6F0C79A827BF882700296F4C /* HNNetworkReachabilityManagerUITestsLaunchTests.m */,
			);
			path = HNNetworkReachabilityManagerUITests;
			sourceTree = "<group>";
		};
		6F0C79B827BF8ADE00296F4C /* Source */ = {
			isa = PBXGroup;
			children = (
				6F0C79B927BF8B0F00296F4C /* HNNetworkReachabilityManager.h */,
				6F0C79BA27BF8B0F00296F4C /* HNNetworkReachabilityManager.m */,
			);
			path = Source;
			sourceTree = SOURCE_ROOT;
		};
		6F0C79BC27BF8B4400296F4C /* Frameworks */ = {
			isa = PBXGroup;
			children = (
				6F0C79BD27BF8B4400296F4C /* SystemConfiguration.framework */,
			);
			name = Frameworks;
			sourceTree = "<group>";
		};
/* End PBXGroup section */

/* Begin PBXNativeTarget section */
		6F0C797C27BF882400296F4C /* HNNetworkReachabilityManager */ = {
			isa = PBXNativeTarget;
			buildConfigurationList = 6F0C79AC27BF882700296F4C /* Build configuration list for PBXNativeTarget "HNNetworkReachabilityManager" */;
			buildPhases = (
				6F0C797927BF882400296F4C /* Sources */,
				6F0C797A27BF882400296F4C /* Frameworks */,
				6F0C797B27BF882400296F4C /* Resources */,
			);
			buildRules = (
			);
			dependencies = (
			);
			name = HNNetworkReachabilityManager;
			productName = HNNetworkReachabilityManager;
			productReference = 6F0C797D27BF882400296F4C /* HNNetworkReachabilityManager.app */;
			productType = "com.apple.product-type.application";
		};
		6F0C799727BF882700296F4C /* HNNetworkReachabilityManagerTests */ = {
			isa = PBXNativeTarget;
			buildConfigurationList = 6F0C79AF27BF882700296F4C /* Build configuration list for PBXNativeTarget "HNNetworkReachabilityManagerTests" */;
			buildPhases = (
				6F0C799427BF882700296F4C /* Sources */,
				6F0C799527BF882700296F4C /* Frameworks */,
				6F0C799627BF882700296F4C /* Resources */,
			);
			buildRules = (
			);
			dependencies = (
				6F0C799A27BF882700296F4C /* PBXTargetDependency */,
			);
			name = HNNetworkReachabilityManagerTests;
			productName = HNNetworkReachabilityManagerTests;
			productReference = 6F0C799827BF882700296F4C /* HNNetworkReachabilityManagerTests.xctest */;
			productType = "com.apple.product-type.bundle.unit-test";
		};
		6F0C79A127BF882700296F4C /* HNNetworkReachabilityManagerUITests */ = {
			isa = PBXNativeTarget;
			buildConfigurationList = 6F0C79B227BF882700296F4C /* Build configuration list for PBXNativeTarget "HNNetworkReachabilityManagerUITests" */;
			buildPhases = (
				6F0C799E27BF882700296F4C /* Sources */,
				6F0C799F27BF882700296F4C /* Frameworks */,
				6F0C79A027BF882700296F4C /* Resources */,
			);
			buildRules = (
			);
			dependencies = (
				6F0C79A427BF882700296F4C /* PBXTargetDependency */,
			);
			name = HNNetworkReachabilityManagerUITests;
			productName = HNNetworkReachabilityManagerUITests;
			productReference = 6F0C79A227BF882700296F4C /* HNNetworkReachabilityManagerUITests.xctest */;
			productType = "com.apple.product-type.bundle.ui-testing";
		};
/* End PBXNativeTarget section */

/* Begin PBXProject section */
		6F0C797527BF882400296F4C /* Project object */ = {
			isa = PBXProject;
			attributes = {
				BuildIndependentTargetsInParallel = 1;
				LastUpgradeCheck = 1320;
				TargetAttributes = {
					6F0C797C27BF882400296F4C = {
						CreatedOnToolsVersion = 13.2.1;
					};
					6F0C799727BF882700296F4C = {
						CreatedOnToolsVersion = 13.2.1;
						TestTargetID = 6F0C797C27BF882400296F4C;
					};
					6F0C79A127BF882700296F4C = {
						CreatedOnToolsVersion = 13.2.1;
						TestTargetID = 6F0C797C27BF882400296F4C;
					};
				};
			};
			buildConfigurationList = 6F0C797827BF882400296F4C /* Build configuration list for PBXProject "HNNetworkReachabilityManager" */;
			compatibilityVersion = "Xcode 13.0";
			developmentRegion = en;
			hasScannedForEncodings = 0;
			knownRegions = (
				en,
				Base,
			);
			mainGroup = 6F0C797427BF882400296F4C;
			productRefGroup = 6F0C797E27BF882400296F4C /* Products */;
			projectDirPath = "";
			projectRoot = "";
			targets = (
				6F0C797C27BF882400296F4C /* HNNetworkReachabilityManager */,
				6F0C799727BF882700296F4C /* HNNetworkReachabilityManagerTests */,
				6F0C79A127BF882700296F4C /* HNNetworkReachabilityManagerUITests */,
			);
		};
/* End PBXProject section */

/* Begin PBXResourcesBuildPhase section */
		6F0C797B27BF882400296F4C /* Resources */ = {
			isa = PBXResourcesBuildPhase;
			buildActionMask = 2147483647;
			files = (
				6F0C799027BF882600296F4C /* LaunchScreen.storyboard in Resources */,
				6F0C798D27BF882600296F4C /* Assets.xcassets in Resources */,
				6F0C798B27BF882400296F4C /* Main.storyboard in Resources */,
			);
			runOnlyForDeploymentPostprocessing = 0;
		};
		6F0C799627BF882700296F4C /* Resources */ = {
			isa = PBXResourcesBuildPhase;
			buildActionMask = 2147483647;
			files = (
			);
			runOnlyForDeploymentPostprocessing = 0;
		};
		6F0C79A027BF882700296F4C /* Resources */ = {
			isa = PBXResourcesBuildPhase;
			buildActionMask = 2147483647;
			files = (
			);
			runOnlyForDeploymentPostprocessing = 0;
		};
/* End PBXResourcesBuildPhase section */

/* Begin PBXSourcesBuildPhase section */
		6F0C797927BF882400296F4C /* Sources */ = {
			isa = PBXSourcesBuildPhase;
			buildActionMask = 2147483647;
			files = (
				6F0C798227BF882400296F4C /* AppDelegate.m in Sources */,
				6F0C79BB27BF8B0F00296F4C /* HNNetworkReachabilityManager.m in Sources */,
				6F0C79B727BF89DA00296F4C /* FirstRootViewController.m in Sources */,
				6F0C799327BF882600296F4C /* main.m in Sources */,
			);
			runOnlyForDeploymentPostprocessing = 0;
		};
		6F0C799427BF882700296F4C /* Sources */ = {
			isa = PBXSourcesBuildPhase;
			buildActionMask = 2147483647;
			files = (
				6F0C799D27BF882700296F4C /* HNNetworkReachabilityManagerTests.m in Sources */,
			);
			runOnlyForDeploymentPostprocessing = 0;
		};
		6F0C799E27BF882700296F4C /* Sources */ = {
			isa = PBXSourcesBuildPhase;
			buildActionMask = 2147483647;
			files = (
				6F0C79A927BF882700296F4C /* HNNetworkReachabilityManagerUITestsLaunchTests.m in Sources */,
				6F0C79A727BF882700296F4C /* HNNetworkReachabilityManagerUITests.m in Sources */,
			);
			runOnlyForDeploymentPostprocessing = 0;
		};
/* End PBXSourcesBuildPhase section */

/* Begin PBXTargetDependency section */
		6F0C799A27BF882700296F4C /* PBXTargetDependency */ = {
			isa = PBXTargetDependency;
			target = 6F0C797C27BF882400296F4C /* HNNetworkReachabilityManager */;
			targetProxy = 6F0C799927BF882700296F4C /* PBXContainerItemProxy */;
		};
		6F0C79A427BF882700296F4C /* PBXTargetDependency */ = {
			isa = PBXTargetDependency;
			target = 6F0C797C27BF882400296F4C /* HNNetworkReachabilityManager */;
			targetProxy = 6F0C79A327BF882700296F4C /* PBXContainerItemProxy */;
		};
/* End PBXTargetDependency section */

/* Begin PBXVariantGroup section */
		6F0C798927BF882400296F4C /* Main.storyboard */ = {
			isa = PBXVariantGroup;
			children = (
				6F0C798A27BF882400296F4C /* Base */,
			);
			name = Main.storyboard;
			sourceTree = "<group>";
		};
		6F0C798E27BF882600296F4C /* LaunchScreen.storyboard */ = {
			isa = PBXVariantGroup;
			children = (
				6F0C798F27BF882600296F4C /* Base */,
			);
			name = LaunchScreen.storyboard;
			sourceTree = "<group>";
		};
/* End PBXVariantGroup section */

/* Begin XCBuildConfiguration section */
		6F0C79AA27BF882700296F4C /* Debug */ = {
			isa = XCBuildConfiguration;
			buildSettings = {
				ALWAYS_SEARCH_USER_PATHS = NO;
				CLANG_ANALYZER_NONNULL = YES;
				CLANG_ANALYZER_NUMBER_OBJECT_CONVERSION = YES_AGGRESSIVE;
				CLANG_CXX_LANGUAGE_STANDARD = "gnu++17";
				CLANG_CXX_LIBRARY = "libc++";
				CLANG_ENABLE_MODULES = YES;
				CLANG_ENABLE_OBJC_ARC = YES;
				CLANG_ENABLE_OBJC_WEAK = YES;
				CLANG_WARN_BLOCK_CAPTURE_AUTORELEASING = YES;
				CLANG_WARN_BOOL_CONVERSION = YES;
				CLANG_WARN_COMMA = YES;
				CLANG_WARN_CONSTANT_CONVERSION = YES;
				CLANG_WARN_DEPRECATED_OBJC_IMPLEMENTATIONS = YES;
				CLANG_WARN_DIRECT_OBJC_ISA_USAGE = YES_ERROR;
				CLANG_WARN_DOCUMENTATION_COMMENTS = YES;
				CLANG_WARN_EMPTY_BODY = YES;
				CLANG_WARN_ENUM_CONVERSION = YES;
				CLANG_WARN_INFINITE_RECURSION = YES;
				CLANG_WARN_INT_CONVERSION = YES;
				CLANG_WARN_NON_LITERAL_NULL_CONVERSION = YES;
				CLANG_WARN_OBJC_IMPLICIT_RETAIN_SELF = YES;
				CLANG_WARN_OBJC_LITERAL_CONVERSION = YES;
				CLANG_WARN_OBJC_ROOT_CLASS = YES_ERROR;
				CLANG_WARN_QUOTED_INCLUDE_IN_FRAMEWORK_HEADER = YES;
				CLANG_WARN_RANGE_LOOP_ANALYSIS = YES;
				CLANG_WARN_STRICT_PROTOTYPES = YES;
				CLANG_WARN_SUSPICIOUS_MOVE = YES;
				CLANG_WARN_UNGUARDED_AVAILABILITY = YES_AGGRESSIVE;
				CLANG_WARN_UNREACHABLE_CODE = YES;
				CLANG_WARN__DUPLICATE_METHOD_MATCH = YES;
				COPY_PHASE_STRIP = NO;
				DEBUG_INFORMATION_FORMAT = dwarf;
				ENABLE_STRICT_OBJC_MSGSEND = YES;
				ENABLE_TESTABILITY = YES;
				GCC_C_LANGUAGE_STANDARD = gnu11;
				GCC_DYNAMIC_NO_PIC = NO;
				GCC_NO_COMMON_BLOCKS = YES;
				GCC_OPTIMIZATION_LEVEL = 0;
				GCC_PREPROCESSOR_DEFINITIONS = (
					"DEBUG=1",
					"$(inherited)",
				);
				GCC_WARN_64_TO_32_BIT_CONVERSION = YES;
				GCC_WARN_ABOUT_RETURN_TYPE = YES_ERROR;
				GCC_WARN_UNDECLARED_SELECTOR = YES;
				GCC_WARN_UNINITIALIZED_AUTOS = YES_AGGRESSIVE;
				GCC_WARN_UNUSED_FUNCTION = YES;
				GCC_WARN_UNUSED_VARIABLE = YES;
				IPHONEOS_DEPLOYMENT_TARGET = 9.0;
				MTL_ENABLE_DEBUG_INFO = INCLUDE_SOURCE;
				MTL_FAST_MATH = YES;
				ONLY_ACTIVE_ARCH = YES;
				SDKROOT = iphoneos;
			};
			name = Debug;
		};
		6F0C79AB27BF882700296F4C /* Release */ = {
			isa = XCBuildConfiguration;
			buildSettings = {
				ALWAYS_SEARCH_USER_PATHS = NO;
				CLANG_ANALYZER_NONNULL = YES;
				CLANG_ANALYZER_NUMBER_OBJECT_CONVERSION = YES_AGGRESSIVE;
				CLANG_CXX_LANGUAGE_STANDARD = "gnu++17";
				CLANG_CXX_LIBRARY = "libc++";
				CLANG_ENABLE_MODULES = YES;
				CLANG_ENABLE_OBJC_ARC = YES;
				CLANG_ENABLE_OBJC_WEAK = YES;
				CLANG_WARN_BLOCK_CAPTURE_AUTORELEASING = YES;
				CLANG_WARN_BOOL_CONVERSION = YES;
				CLANG_WARN_COMMA = YES;
				CLANG_WARN_CONSTANT_CONVERSION = YES;
				CLANG_WARN_DEPRECATED_OBJC_IMPLEMENTATIONS = YES;
				CLANG_WARN_DIRECT_OBJC_ISA_USAGE = YES_ERROR;
				CLANG_WARN_DOCUMENTATION_COMMENTS = YES;
				CLANG_WARN_EMPTY_BODY = YES;
				CLANG_WARN_ENUM_CONVERSION = YES;
				CLANG_WARN_INFINITE_RECURSION = YES;
				CLANG_WARN_INT_CONVERSION = YES;
				CLANG_WARN_NON_LITERAL_NULL_CONVERSION = YES;
				CLANG_WARN_OBJC_IMPLICIT_RETAIN_SELF = YES;
				CLANG_WARN_OBJC_LITERAL_CONVERSION = YES;
				CLANG_WARN_OBJC_ROOT_CLASS = YES_ERROR;
				CLANG_WARN_QUOTED_INCLUDE_IN_FRAMEWORK_HEADER = YES;
				CLANG_WARN_RANGE_LOOP_ANALYSIS = YES;
				CLANG_WARN_STRICT_PROTOTYPES = YES;
				CLANG_WARN_SUSPICIOUS_MOVE = YES;
				CLANG_WARN_UNGUARDED_AVAILABILITY = YES_AGGRESSIVE;
				CLANG_WARN_UNREACHABLE_CODE = YES;
				CLANG_WARN__DUPLICATE_METHOD_MATCH = YES;
				COPY_PHASE_STRIP = NO;
				DEBUG_INFORMATION_FORMAT = "dwarf-with-dsym";
				ENABLE_NS_ASSERTIONS = NO;
				ENABLE_STRICT_OBJC_MSGSEND = YES;
				GCC_C_LANGUAGE_STANDARD = gnu11;
				GCC_NO_COMMON_BLOCKS = YES;
				GCC_WARN_64_TO_32_BIT_CONVERSION = YES;
				GCC_WARN_ABOUT_RETURN_TYPE = YES_ERROR;
				GCC_WARN_UNDECLARED_SELECTOR = YES;
				GCC_WARN_UNINITIALIZED_AUTOS = YES_AGGRESSIVE;
				GCC_WARN_UNUSED_FUNCTION = YES;
				GCC_WARN_UNUSED_VARIABLE = YES;
				IPHONEOS_DEPLOYMENT_TARGET = 9.0;
				MTL_ENABLE_DEBUG_INFO = NO;
				MTL_FAST_MATH = YES;
				SDKROOT = iphoneos;
				VALIDATE_PRODUCT = YES;
			};
			name = Release;
		};
		6F0C79AD27BF882700296F4C /* Debug */ = {
			isa = XCBuildConfiguration;
			buildSettings = {
				ASSETCATALOG_COMPILER_APPICON_NAME = AppIcon;
				ASSETCATALOG_COMPILER_GLOBAL_ACCENT_COLOR_NAME = AccentColor;
				CODE_SIGN_STYLE = Automatic;
				CURRENT_PROJECT_VERSION = 1.0.0.0;
				DEVELOPMENT_TEAM = MYLHBGJFAY;
				GENERATE_INFOPLIST_FILE = YES;
				INFOPLIST_FILE = HNNetworkReachabilityManager/Info.plist;
				INFOPLIST_KEY_CFBundleDisplayName = HNNetworkReachabilityManager;
				INFOPLIST_KEY_UIApplicationSupportsIndirectInputEvents = YES;
				INFOPLIST_KEY_UILaunchStoryboardName = LaunchScreen;
				INFOPLIST_KEY_UIMainStoryboardFile = Main;
				INFOPLIST_KEY_UISupportedInterfaceOrientations_iPad = "UIInterfaceOrientationPortrait UIInterfaceOrientationPortraitUpsideDown UIInterfaceOrientationLandscapeLeft UIInterfaceOrientationLandscapeRight";
				INFOPLIST_KEY_UISupportedInterfaceOrientations_iPhone = "UIInterfaceOrientationPortrait UIInterfaceOrientationLandscapeLeft UIInterfaceOrientationLandscapeRight";
				LD_RUNPATH_SEARCH_PATHS = (
					"$(inherited)",
					"@executable_path/Frameworks",
				);
				MARKETING_VERSION = 1.0.0;
				PRODUCT_BUNDLE_IDENTIFIER = com.cnhnkj.networkReachabilityManager;
				PRODUCT_NAME = "$(TARGET_NAME)";
				SWIFT_EMIT_LOC_STRINGS = YES;
				TARGETED_DEVICE_FAMILY = 1;
			};
			name = Debug;
		};
		6F0C79AE27BF882700296F4C /* Release */ = {
			isa = XCBuildConfiguration;
			buildSettings = {
				ASSETCATALOG_COMPILER_APPICON_NAME = AppIcon;
				ASSETCATALOG_COMPILER_GLOBAL_ACCENT_COLOR_NAME = AccentColor;
				CODE_SIGN_STYLE = Automatic;
				CURRENT_PROJECT_VERSION = 1.0.0.0;
				DEVELOPMENT_TEAM = MYLHBGJFAY;
				GENERATE_INFOPLIST_FILE = YES;
				INFOPLIST_FILE = HNNetworkReachabilityManager/Info.plist;
				INFOPLIST_KEY_CFBundleDisplayName = HNNetworkReachabilityManager;
				INFOPLIST_KEY_UIApplicationSupportsIndirectInputEvents = YES;
				INFOPLIST_KEY_UILaunchStoryboardName = LaunchScreen;
				INFOPLIST_KEY_UIMainStoryboardFile = Main;
				INFOPLIST_KEY_UISupportedInterfaceOrientations_iPad = "UIInterfaceOrientationPortrait UIInterfaceOrientationPortraitUpsideDown UIInterfaceOrientationLandscapeLeft UIInterfaceOrientationLandscapeRight";
				INFOPLIST_KEY_UISupportedInterfaceOrientations_iPhone = "UIInterfaceOrientationPortrait UIInterfaceOrientationLandscapeLeft UIInterfaceOrientationLandscapeRight";
				LD_RUNPATH_SEARCH_PATHS = (
					"$(inherited)",
					"@executable_path/Frameworks",
				);
				MARKETING_VERSION = 1.0.0;
				PRODUCT_BUNDLE_IDENTIFIER = com.cnhnkj.networkReachabilityManager;
				PRODUCT_NAME = "$(TARGET_NAME)";
				SWIFT_EMIT_LOC_STRINGS = YES;
				TARGETED_DEVICE_FAMILY = 1;
			};
			name = Release;
		};
		6F0C79B027BF882700296F4C /* Debug */ = {
			isa = XCBuildConfiguration;
			buildSettings = {
				BUNDLE_LOADER = "$(TEST_HOST)";
				CODE_SIGN_STYLE = Automatic;
				CURRENT_PROJECT_VERSION = 1;
				DEVELOPMENT_TEAM = MYLHBGJFAY;
				GENERATE_INFOPLIST_FILE = YES;
				IPHONEOS_DEPLOYMENT_TARGET = 15.2;
				MARKETING_VERSION = 1.0;
				PRODUCT_BUNDLE_IDENTIFIER = com.cnhnkj.HNNetworkReachabilityManagerTests;
				PRODUCT_NAME = "$(TARGET_NAME)";
				SWIFT_EMIT_LOC_STRINGS = NO;
				TARGETED_DEVICE_FAMILY = "1,2";
				TEST_HOST = "$(BUILT_PRODUCTS_DIR)/HNNetworkReachabilityManager.app/HNNetworkReachabilityManager";
			};
			name = Debug;
		};
		6F0C79B127BF882700296F4C /* Release */ = {
			isa = XCBuildConfiguration;
			buildSettings = {
				BUNDLE_LOADER = "$(TEST_HOST)";
				CODE_SIGN_STYLE = Automatic;
				CURRENT_PROJECT_VERSION = 1;
				DEVELOPMENT_TEAM = MYLHBGJFAY;
				GENERATE_INFOPLIST_FILE = YES;
				IPHONEOS_DEPLOYMENT_TARGET = 15.2;
				MARKETING_VERSION = 1.0;
				PRODUCT_BUNDLE_IDENTIFIER = com.cnhnkj.HNNetworkReachabilityManagerTests;
				PRODUCT_NAME = "$(TARGET_NAME)";
				SWIFT_EMIT_LOC_STRINGS = NO;
				TARGETED_DEVICE_FAMILY = "1,2";
				TEST_HOST = "$(BUILT_PRODUCTS_DIR)/HNNetworkReachabilityManager.app/HNNetworkReachabilityManager";
			};
			name = Release;
		};
		6F0C79B327BF882700296F4C /* Debug */ = {
			isa = XCBuildConfiguration;
			buildSettings = {
				CODE_SIGN_STYLE = Automatic;
				CURRENT_PROJECT_VERSION = 1;
				DEVELOPMENT_TEAM = MYLHBGJFAY;
				GENERATE_INFOPLIST_FILE = YES;
				MARKETING_VERSION = 1.0;
				PRODUCT_BUNDLE_IDENTIFIER = com.cnhnkj.HNNetworkReachabilityManagerUITests;
				PRODUCT_NAME = "$(TARGET_NAME)";
				SWIFT_EMIT_LOC_STRINGS = NO;
				TARGETED_DEVICE_FAMILY = "1,2";
				TEST_TARGET_NAME = HNNetworkReachabilityManager;
			};
			name = Debug;
		};
		6F0C79B427BF882700296F4C /* Release */ = {
			isa = XCBuildConfiguration;
			buildSettings = {
				CODE_SIGN_STYLE = Automatic;
				CURRENT_PROJECT_VERSION = 1;
				DEVELOPMENT_TEAM = MYLHBGJFAY;
				GENERATE_INFOPLIST_FILE = YES;
				MARKETING_VERSION = 1.0;
				PRODUCT_BUNDLE_IDENTIFIER = com.cnhnkj.HNNetworkReachabilityManagerUITests;
				PRODUCT_NAME = "$(TARGET_NAME)";
				SWIFT_EMIT_LOC_STRINGS = NO;
				TARGETED_DEVICE_FAMILY = "1,2";
				TEST_TARGET_NAME = HNNetworkReachabilityManager;
			};
			name = Release;
		};
/* End XCBuildConfiguration section */

/* Begin XCConfigurationList section */
		6F0C797827BF882400296F4C /* Build configuration list for PBXProject "HNNetworkReachabilityManager" */ = {
			isa = XCConfigurationList;
			buildConfigurations = (
				6F0C79AA27BF882700296F4C /* Debug */,
				6F0C79AB27BF882700296F4C /* Release */,
			);
			defaultConfigurationIsVisible = 0;
			defaultConfigurationName = Release;
		};
		6F0C79AC27BF882700296F4C /* Build configuration list for PBXNativeTarget "HNNetworkReachabilityManager" */ = {
			isa = XCConfigurationList;
			buildConfigurations = (
				6F0C79AD27BF882700296F4C /* Debug */,
				6F0C79AE27BF882700296F4C /* Release */,
			);
			defaultConfigurationIsVisible = 0;
			defaultConfigurationName = Release;
		};
		6F0C79AF27BF882700296F4C /* Build configuration list for PBXNativeTarget "HNNetworkReachabilityManagerTests" */ = {
			isa = XCConfigurationList;
			buildConfigurations = (
				6F0C79B027BF882700296F4C /* Debug */,
				6F0C79B127BF882700296F4C /* Release */,
			);
			defaultConfigurationIsVisible = 0;
			defaultConfigurationName = Release;
		};
		6F0C79B227BF882700296F4C /* Build configuration list for PBXNativeTarget "HNNetworkReachabilityManagerUITests" */ = {
			isa = XCConfigurationList;
			buildConfigurations = (
				6F0C79B327BF882700296F4C /* Debug */,
				6F0C79B427BF882700296F4C /* Release */,
			);
			defaultConfigurationIsVisible = 0;
			defaultConfigurationName = Release;
		};
/* End XCConfigurationList section */
	};
	rootObject = 6F0C797527BF882400296F4C /* Project object */;
}
